<?xml version="1.0" encoding="utf-8"?>
<Project ToolsVersion="4.0" xmlns="http://schemas.microsoft.com/developer/msbuild/2003">
  <ItemGroup>
    <Filter Include="Game">
      <UniqueIdentifier>{d2d0fd71-4d67-48c2-b343-6fdb5782e40f}</UniqueIdentifier>
    </Filter>
    <Filter Include="Main">
      <UniqueIdentifier>{7efaf247-0110-432a-9d3a-fb863c368ac6}</UniqueIdentifier>
    </Filter>
    <Filter Include="Shaders">
      <UniqueIdentifier>{ec1fc7a4-e083-4ffe-aa6f-9f1c2c16b5c4}</UniqueIdentifier>
    </Filter>
    <Filter Include="Shaders\Common">
      <UniqueIdentifier>{52931e45-58c0-4b5f-82bd-b79f029791a5}</UniqueIdentifier>
    </Filter>
    <Filter Include="Game\Week3">
      <UniqueIdentifier>{f5d8a2ef-cfc3-46b6-9fc0-d6a7a191d2a2}</UniqueIdentifier>
    </Filter>
    <Filter Include="Game\Week4">
      <UniqueIdentifier>{ec5af676-cf94-482d-9d67-5fca2dc4d30f}</UniqueIdentifier>
    </Filter>
    <Filter Include="Shaders\Week5">
      <UniqueIdentifier>{5f62659e-f74f-41d7-b10a-919c1fa0eb28}</UniqueIdentifier>
    </Filter>
    <Filter Include="Game\UITest">
      <UniqueIdentifier>{2f2b6679-2636-4834-8b01-ef6f235af33b}</UniqueIdentifier>
    </Filter>
    <Filter Include="Shaders\Text">
      <UniqueIdentifier>{878a2d81-db68-493c-a70e-c7928958eea6}</UniqueIdentifier>
    </Filter>
    <Filter Include="Scripts">
      <UniqueIdentifier>{1f7c04bf-b597-483a-87a0-71490610d009}</UniqueIdentifier>
    </Filter>
    <Filter Include="Scripts\Camera">
      <UniqueIdentifier>{10bf8da9-c58d-45fe-b41c-357dc5245b2b}</UniqueIdentifier>
    </Filter>
    <Filter Include="Scripts\FOW">
      <UniqueIdentifier>{67440155-896d-4476-9eb0-00678c005e9a}</UniqueIdentifier>
    </Filter>
    <Filter Include="Scripts\PlayerTest">
      <UniqueIdentifier>{eac17648-82fa-433d-bcb1-91e9d825662c}</UniqueIdentifier>
    </Filter>
    <Filter Include="Game\InGame">
      <UniqueIdentifier>{30a1463b-9e9c-486d-8a3f-8e626c260bf2}</UniqueIdentifier>
    </Filter>
    <Filter Include="Scripts\Player">
      <UniqueIdentifier>{af9d922f-a947-49a3-b925-6b1ba52dbc81}</UniqueIdentifier>
    </Filter>
    <Filter Include="Scripts\Player\Bianca">
      <UniqueIdentifier>{cc339bee-045e-41fb-8dea-c8bc1fc806fd}</UniqueIdentifier>
    </Filter>
    <Filter Include="Scripts\Player\Nicky">
      <UniqueIdentifier>{7bc5ddb6-d27e-452f-8181-b989e98e7337}</UniqueIdentifier>
    </Filter>
    <Filter Include="Scripts\Item">
      <UniqueIdentifier>{a99e0ae7-d986-4ea1-a65b-af53ac91b79f}</UniqueIdentifier>
    </Filter>
    <Filter Include="Scripts\Item\Equipment">
      <UniqueIdentifier>{a47bf411-7dad-4b44-a14e-b1b8cda2087f}</UniqueIdentifier>
    </Filter>
    <Filter Include="Scripts\Item\Etc">
      <UniqueIdentifier>{13463e65-7153-4a62-93bf-7203bf0394ef}</UniqueIdentifier>
    </Filter>
    <Filter Include="Scripts\Monster">
      <UniqueIdentifier>{0ae9907a-c8d1-443f-978e-5f702783a10e}</UniqueIdentifier>
    </Filter>
    <Filter Include="Scripts\Monster\AI">
      <UniqueIdentifier>{4aba99c0-03f4-440f-8521-45f6b99547dc}</UniqueIdentifier>
    </Filter>
  </ItemGroup>
  <ItemGroup>
    <ClCompile Include="pch.cpp">
      <Filter>Main</Filter>
    </ClCompile>
    <ClCompile Include="Main.cpp">
      <Filter>Main</Filter>
    </ClCompile>
    <ClCompile Include="SceneDemo.cpp">
      <Filter>Game\Week3</Filter>
    </ClCompile>
    <ClCompile Include="RawBufferDemo.cpp">
      <Filter>Game\Week3</Filter>
    </ClCompile>
    <ClCompile Include="GroupBufferDemo.cpp">
      <Filter>Game\Week3</Filter>
    </ClCompile>
    <ClCompile Include="TextureBufferDemo.cpp">
      <Filter>Game\Week3</Filter>
    </ClCompile>
    <ClCompile Include="StructuredDemo.cpp">
      <Filter>Game\Week3</Filter>
    </ClCompile>
    <ClCompile Include="ViewportDemo.cpp">
      <Filter>Game\Week3</Filter>
    </ClCompile>
    <ClCompile Include="OrthoGraphicDemo.cpp">
      <Filter>Game\Week4</Filter>
    </ClCompile>
    <ClCompile Include="ButtonDemo.cpp">
      <Filter>Game\Week4</Filter>
    </ClCompile>
    <ClCompile Include="BillboardDemo.cpp">
      <Filter>Game\Week4</Filter>
    </ClCompile>
    <ClCompile Include="SnowBillboardDemo.cpp">
      <Filter>Game\Week4</Filter>
    </ClCompile>
    <ClCompile Include="ParticleDemo.cpp">
      <Filter>Game\Week4</Filter>
    </ClCompile>
    <ClCompile Include="UITestDemo.cpp">
      <Filter>Game\UITest</Filter>
    </ClCompile>
    <ClCompile Include="Loader.cpp">
      <Filter>Main</Filter>
    </ClCompile>
    <ClCompile Include="FogOfWar.cpp">
      <Filter>Scripts\FOW</Filter>
    </ClCompile>
    <ClCompile Include="CameraScript.cpp">
      <Filter>Scripts\Camera</Filter>
    </ClCompile>
    <ClCompile Include="BiancaTest.cpp">
      <Filter>Scripts\PlayerTest</Filter>
    </ClCompile>
    <ClCompile Include="BiancaCamera.cpp">
      <Filter>Scripts\PlayerTest</Filter>
    </ClCompile>
    <ClCompile Include="LumiaIsland.cpp">
      <Filter>Game\InGame</Filter>
    </ClCompile>
    <ClCompile Include="PlayerOutlineEffect.cpp">
      <Filter>Scripts\Player</Filter>
    </ClCompile>
    <ClCompile Include="Player.cpp">
      <Filter>Scripts\Player</Filter>
    </ClCompile>
    <ClCompile Include="BaseSkill.cpp">
      <Filter>Scripts\Player</Filter>
    </ClCompile>
    <ClCompile Include="Item.cpp">
      <Filter>Scripts\Item</Filter>
    </ClCompile>
    <ClCompile Include="EquipItem.cpp">
      <Filter>Scripts\Item\Equipment</Filter>
    </ClCompile>
    <ClCompile Include="Monster.cpp">
      <Filter>Scripts\Monster</Filter>
    </ClCompile>
    <ClCompile Include="AI.cpp">
      <Filter>Scripts\Monster\AI</Filter>
    </ClCompile>
  </ItemGroup>
  <ItemGroup>
    <ClInclude Include="pch.h">
      <Filter>Main</Filter>
    </ClInclude>
    <ClInclude Include="Main.h">
      <Filter>Main</Filter>
    </ClInclude>
    <ClInclude Include="SceneDemo.h">
      <Filter>Game\Week3</Filter>
    </ClInclude>
    <ClInclude Include="RawBufferDemo.h">
      <Filter>Game\Week3</Filter>
    </ClInclude>
    <ClInclude Include="GroupBufferDemo.h">
      <Filter>Game\Week3</Filter>
    </ClInclude>
    <ClInclude Include="TextureBufferDemo.h">
      <Filter>Game\Week3</Filter>
    </ClInclude>
    <ClInclude Include="StructuredDemo.h">
      <Filter>Game\Week3</Filter>
    </ClInclude>
    <ClInclude Include="ViewportDemo.h">
      <Filter>Game\Week3</Filter>
    </ClInclude>
    <ClInclude Include="OrthoGraphicDemo.h">
      <Filter>Game\Week4</Filter>
    </ClInclude>
    <ClInclude Include="ButtonDemo.h">
      <Filter>Game\Week4</Filter>
    </ClInclude>
    <ClInclude Include="BillboardDemo.h">
      <Filter>Game\Week4</Filter>
    </ClInclude>
    <ClInclude Include="SnowBillboardDemo.h">
      <Filter>Game\Week4</Filter>
    </ClInclude>
    <ClInclude Include="ParticleDemo.h">
      <Filter>Game\Week4</Filter>
    </ClInclude>
    <ClInclude Include="UITestDemo.h">
      <Filter>Game\UITest</Filter>
    </ClInclude>
    <ClInclude Include="Loader.h">
      <Filter>Main</Filter>
    </ClInclude>
    <ClInclude Include="Client_Define.h">
      <Filter>Main</Filter>
    </ClInclude>
    <ClInclude Include="FogOfWar.h">
      <Filter>Scripts\FOW</Filter>
    </ClInclude>
    <ClInclude Include="CameraScript.h">
      <Filter>Scripts\Camera</Filter>
    </ClInclude>
    <ClInclude Include="BiancaTest.h">
      <Filter>Scripts\PlayerTest</Filter>
    </ClInclude>
    <ClInclude Include="BiancaCamera.h">
      <Filter>Scripts\PlayerTest</Filter>
    </ClInclude>
    <ClInclude Include="LumiaIsland.h">
      <Filter>Game\InGame</Filter>
    </ClInclude>
    <ClInclude Include="PlayerOutlineEffect.h">
      <Filter>Scripts\Player</Filter>
    </ClInclude>
    <ClInclude Include="Player.h">
      <Filter>Scripts\Player</Filter>
    </ClInclude>
    <ClInclude Include="BaseSkill.h">
      <Filter>Scripts\Player</Filter>
    </ClInclude>
    <ClInclude Include="Item.h">
      <Filter>Scripts\Item</Filter>
    </ClInclude>
    <ClInclude Include="EquipItem.h">
      <Filter>Scripts\Item\Equipment</Filter>
    </ClInclude>
    <ClInclude Include="Monster.h">
      <Filter>Scripts\Monster</Filter>
    </ClInclude>
    <ClInclude Include="AI.h">
      <Filter>Scripts\Monster\AI</Filter>
    </ClInclude>
  </ItemGroup>
  <ItemGroup>
    <FxCompile Include="..\Shaders\00. Global.fx">
      <Filter>Shaders\Common</Filter>
    </FxCompile>
    <FxCompile Include="..\Shaders\00. Light.fx">
      <Filter>Shaders\Common</Filter>
    </FxCompile>
    <FxCompile Include="..\Shaders\00. Render.fx">
      <Filter>Shaders\Common</Filter>
    </FxCompile>
    <FxCompile Include="..\Shaders\28. BillboardDemo.fx">
      <Filter>Shaders\Week5</Filter>
    </FxCompile>
    <FxCompile Include="..\Shaders\29. SnowBillboard.fx">
      <Filter>Shaders\Week5</Filter>
    </FxCompile>
    <FxCompile Include="..\Shaders\Sky.fx">
      <Filter>Shaders\Common</Filter>
    </FxCompile>
    <FxCompile Include="..\Shaders\ParticleSystem.fx">
      <Filter>Shaders\Common</Filter>
    </FxCompile>
    <FxCompile Include="..\Shaders\DebugTexture.fx">
      <Filter>Shaders\Common</Filter>
    </FxCompile>
    <FxCompile Include="..\Shaders\23. RenderDemo.fx">
      <Filter>Shaders\Week5</Filter>
    </FxCompile>
    <FxCompile Include="..\Shaders\24. RawBufferDemo.fx">
      <Filter>Shaders\Week5</Filter>
    </FxCompile>
    <FxCompile Include="..\Shaders\25. GroupBufferDemo.fx">
      <Filter>Shaders\Week5</Filter>
    </FxCompile>
    <FxCompile Include="..\Shaders\26. TextureBufferDemo.fx">
      <Filter>Shaders\Week5</Filter>
    </FxCompile>
    <FxCompile Include="..\Shaders\27. StructuredDemo.fx">
      <Filter>Shaders\Week5</Filter>
    </FxCompile>
    <FxCompile Include="..\Shaders\TextShader.fx">
      <Filter>Shaders\Text</Filter>
    </FxCompile>
    <FxCompile Include="..\Shaders\FOW.fx">
      <Filter>Shaders\Common</Filter>
    </FxCompile>
    <FxCompile Include="..\Shaders\ImageShader.fx">
      <Filter>Shaders\Text</Filter>
    </FxCompile>
    <FxCompile Include="..\Shaders\00. GBuffer.fx">
      <Filter>Shaders\Common</Filter>
    </FxCompile>
    <FxCompile Include="..\Shaders\00. DeferredLighting.fx">
      <Filter>Shaders\Common</Filter>
    </FxCompile>
    <FxCompile Include="..\Shaders\OutlinePostProcess.fx">
      <Filter>Shaders\Common</Filter>
    </FxCompile>
  </ItemGroup>
</Project>